
Microsoft Visual Studio Solution File, Format Version 12.00
# Visual Studio Version 16
VisualStudioVersion = 16.0.31402.337
MinimumVisualStudioVersion = 10.0.40219.1
Project("{FAE04EC0-301F-11D3-BF4B-00C04F79EFBC}") = "Desafio-06", "Desafio-06\Desafio-06.csproj", "{28E6B6E8-B54B-4C51-B0AE-FE91A328DDE7}"
EndProject
Global
	GlobalSection(SolutionConfigurationPlatforms) = preSolution
		Debug|Any CPU = Debug|Any CPU
		Release|Any CPU = Release|Any CPU
	EndGlobalSection
	GlobalSection(ProjectConfigurationPlatforms) = postSolution
		{28E6B6E8-B54B-4C51-B0AE-FE91A328DDE7}.Debug|Any CPU.ActiveCfg = Debug|Any CPU
		{28E6B6E8-B54B-4C51-B0AE-FE91A328DDE7}.Debug|Any CPU.Build.0 = Debug|Any CPU
		{28E6B6E8-B54B-4C51-B0AE-FE91A328DDE7}.Release|Any CPU.ActiveCfg = Release|Any CPU
		{28E6B6E8-B54B-4C51-B0AE-FE91A328DDE7}.Release|Any CPU.Build.0 = Release|Any CPU
	EndGlobalSection
	GlobalSection(SolutionProperties) = preSolution
		HideSolutionNode = FALSE
	EndGlobalSection
	GlobalSection(ExtensibilityGlobals) = postSolution
		SolutionGuid = {77D84FD8-7A7C-4BB5-82D8-0A9B50E49864}
	EndGlobalSection
EndGlobal
