
Microsoft Visual Studio Solution File, Format Version 12.00
# Visual Studio Version 16
VisualStudioVersion = 16.0.31205.134
MinimumVisualStudioVersion = 10.0.40219.1
Project("{FAE04EC0-301F-11D3-BF4B-00C04F79EFBC}") = "Projeto-02", "Projeto-02\Projeto-02.csproj", "{03749849-266A-490B-BFA0-2FA724C67F1A}"
EndProject
Global
	GlobalSection(SolutionConfigurationPlatforms) = preSolution
		Debug|Any CPU = Debug|Any CPU
		Release|Any CPU = Release|Any CPU
	EndGlobalSection
	GlobalSection(ProjectConfigurationPlatforms) = postSolution
		{03749849-266A-490B-BFA0-2FA724C67F1A}.Debug|Any CPU.ActiveCfg = Debug|Any CPU
		{03749849-266A-490B-BFA0-2FA724C67F1A}.Debug|Any CPU.Build.0 = Debug|Any CPU
		{03749849-266A-490B-BFA0-2FA724C67F1A}.Release|Any CPU.ActiveCfg = Release|Any CPU
		{03749849-266A-490B-BFA0-2FA724C67F1A}.Release|Any CPU.Build.0 = Release|Any CPU
	EndGlobalSection
	GlobalSection(SolutionProperties) = preSolution
		HideSolutionNode = FALSE
	EndGlobalSection
	GlobalSection(ExtensibilityGlobals) = postSolution
		SolutionGuid = {F67F7AFE-EE38-4FE8-939B-2F25C02E9BD2}
	EndGlobalSection
EndGlobal
