
Microsoft Visual Studio Solution File, Format Version 12.00
# Visual Studio Version 16
VisualStudioVersion = 16.0.31205.134
MinimumVisualStudioVersion = 10.0.40219.1
Project("{FAE04EC0-301F-11D3-BF4B-00C04F79EFBC}") = "Desafio-02", "Desafio-02\Desafio-02.csproj", "{C3684B59-5023-4744-A561-3959CA90DF16}"
EndProject
Global
	GlobalSection(SolutionConfigurationPlatforms) = preSolution
		Debug|Any CPU = Debug|Any CPU
		Release|Any CPU = Release|Any CPU
	EndGlobalSection
	GlobalSection(ProjectConfigurationPlatforms) = postSolution
		{C3684B59-5023-4744-A561-3959CA90DF16}.Debug|Any CPU.ActiveCfg = Debug|Any CPU
		{C3684B59-5023-4744-A561-3959CA90DF16}.Debug|Any CPU.Build.0 = Debug|Any CPU
		{C3684B59-5023-4744-A561-3959CA90DF16}.Release|Any CPU.ActiveCfg = Release|Any CPU
		{C3684B59-5023-4744-A561-3959CA90DF16}.Release|Any CPU.Build.0 = Release|Any CPU
	EndGlobalSection
	GlobalSection(SolutionProperties) = preSolution
		HideSolutionNode = FALSE
	EndGlobalSection
	GlobalSection(ExtensibilityGlobals) = postSolution
		SolutionGuid = {58C0BC0D-267F-4174-833A-9F8E3F702486}
	EndGlobalSection
EndGlobal
