
Microsoft Visual Studio Solution File, Format Version 12.00
# Visual Studio Version 16
VisualStudioVersion = 16.0.31205.134
MinimumVisualStudioVersion = 10.0.40219.1
Project("{FAE04EC0-301F-11D3-BF4B-00C04F79EFBC}") = "Desafios", "Desafios\Desafios.csproj", "{61CA2B0D-CEBB-498E-ADE6-E28F58752E10}"
EndProject
Global
	GlobalSection(SolutionConfigurationPlatforms) = preSolution
		Debug|Any CPU = Debug|Any CPU
		Release|Any CPU = Release|Any CPU
	EndGlobalSection
	GlobalSection(ProjectConfigurationPlatforms) = postSolution
		{61CA2B0D-CEBB-498E-ADE6-E28F58752E10}.Debug|Any CPU.ActiveCfg = Debug|Any CPU
		{61CA2B0D-CEBB-498E-ADE6-E28F58752E10}.Debug|Any CPU.Build.0 = Debug|Any CPU
		{61CA2B0D-CEBB-498E-ADE6-E28F58752E10}.Release|Any CPU.ActiveCfg = Release|Any CPU
		{61CA2B0D-CEBB-498E-ADE6-E28F58752E10}.Release|Any CPU.Build.0 = Release|Any CPU
	EndGlobalSection
	GlobalSection(SolutionProperties) = preSolution
		HideSolutionNode = FALSE
	EndGlobalSection
	GlobalSection(ExtensibilityGlobals) = postSolution
		SolutionGuid = {DD839CB0-F2C5-4C92-8CE7-B2753F9C3F45}
	EndGlobalSection
EndGlobal
